
Microsoft Visual Studio Solution File, Format Version 12.00
# Visual Studio Version 16
VisualStudioVersion = 16.0.32510.428
MinimumVisualStudioVersion = 10.0.40219.1
Project("{FAE04EC0-301F-11D3-BF4B-00C04F79EFBC}") = "WebBH", "WebBH\WebBH.csproj", "{6D906A47-FD4A-429E-B58D-A5CE908FA988}"
EndProject
Global
	GlobalSection(SolutionConfigurationPlatforms) = preSolution
		Debug|Any CPU = Debug|Any CPU
		Release|Any CPU = Release|Any CPU
	EndGlobalSection
	GlobalSection(ProjectConfigurationPlatforms) = postSolution
		{6D906A47-FD4A-429E-B58D-A5CE908FA988}.Debug|Any CPU.ActiveCfg = Debug|Any CPU
		{6D906A47-FD4A-429E-B58D-A5CE908FA988}.Debug|Any CPU.Build.0 = Debug|Any CPU
		{6D906A47-FD4A-429E-B58D-A5CE908FA988}.Release|Any CPU.ActiveCfg = Release|Any CPU
		{6D906A47-FD4A-429E-B58D-A5CE908FA988}.Release|Any CPU.Build.0 = Release|Any CPU
		{D82301EF-6FC8-4C60-B8B0-D18BA29CC85D}.Debug|Any CPU.ActiveCfg = Debug|Any CPU
		{D82301EF-6FC8-4C60-B8B0-D18BA29CC85D}.Debug|Any CPU.Build.0 = Debug|Any CPU
		{D82301EF-6FC8-4C60-B8B0-D18BA29CC85D}.Release|Any CPU.ActiveCfg = Release|Any CPU
		{D82301EF-6FC8-4C60-B8B0-D18BA29CC85D}.Release|Any CPU.Build.0 = Release|Any CPU
	EndGlobalSection
	GlobalSection(SolutionProperties) = preSolution
		HideSolutionNode = FALSE
	EndGlobalSection
	GlobalSection(ExtensibilityGlobals) = postSolution
		SolutionGuid = {2BCDF174-4F75-4D50-91C5-E7DE9D6BDA7C}
	EndGlobalSection
EndGlobal
